
Microsoft Visual Studio Solution File, Format Version 12.00
# Visual Studio Version 17
VisualStudioVersion = 17.5.002.0
MinimumVisualStudioVersion = 10.0.40219.1
Project("{9A19103F-16F7-4668-BE54-9A1E7A4F7556}") = "frac-type", "frac-type.csproj", "{F6BB2A7C-1D7C-4E96-8388-6694094B7C24}"
EndProject
Global
	GlobalSection(SolutionConfigurationPlatforms) = preSolution
		Debug|Any CPU = Debug|Any CPU
		Release|Any CPU = Release|Any CPU
	EndGlobalSection
	GlobalSection(ProjectConfigurationPlatforms) = postSolution
		{F6BB2A7C-1D7C-4E96-8388-6694094B7C24}.Debug|Any CPU.ActiveCfg = Debug|Any CPU
		{F6BB2A7C-1D7C-4E96-8388-6694094B7C24}.Debug|Any CPU.Build.0 = Debug|Any CPU
		{F6BB2A7C-1D7C-4E96-8388-6694094B7C24}.Release|Any CPU.ActiveCfg = Release|Any CPU
		{F6BB2A7C-1D7C-4E96-8388-6694094B7C24}.Release|Any CPU.Build.0 = Release|Any CPU
	EndGlobalSection
	GlobalSection(SolutionProperties) = preSolution
		HideSolutionNode = FALSE
	EndGlobalSection
	GlobalSection(ExtensibilityGlobals) = postSolution
		SolutionGuid = {6E5E7B50-5D7B-4488-8063-04A5AFF1EE9C}
	EndGlobalSection
EndGlobal
